// !$*UTF8*$!
{
	archiveVersion = 1;
	classes = {
	};
	objectVersion = 46;
	objects = {

/* Begin PBXBuildFile section */
		5307BA9D1C4D86E60026910C /* main.m in Sources */ = {isa = PBXBuildFile; fileRef = 5307BA9C1C4D86E60026910C /* main.m */; };
		5307BAA01C4D86E60026910C /* TCAppDelegate.m in Sources */ = {isa = PBXBuildFile; fileRef = 5307BA9F1C4D86E60026910C /* TCAppDelegate.m */; };
		5307BAA31C4D86E60026910C /* TCViewController.m in Sources */ = {isa = PBXBuildFile; fileRef = 5307BAA21C4D86E60026910C /* TCViewController.m */; };
		5307BAA61C4D86E60026910C /* Main.storyboard in Resources */ = {isa = PBXBuildFile; fileRef = 5307BAA41C4D86E60026910C /* Main.storyboard */; };
		5307BAA81C4D86E60026910C /* Assets.xcassets in Resources */ = {isa = PBXBuildFile; fileRef = 5307BAA71C4D86E60026910C /* Assets.xcassets */; };
		5307BAAB1C4D86E60026910C /* LaunchScreen.storyboard in Resources */ = {isa = PBXBuildFile; fileRef = 5307BAA91C4D86E60026910C /* LaunchScreen.storyboard */; };
		5307BAB61C4D86E60026910C /* TapCirclesTests.m in Sources */ = {isa = PBXBuildFile; fileRef = 5307BAB51C4D86E60026910C /* TapCirclesTests.m */; };
/* End PBXBuildFile section */

/* Begin PBXContainerItemProxy section */
		5307BAB21C4D86E60026910C /* PBXContainerItemProxy */ = {
			isa = PBXContainerItemProxy;
			containerPortal = 5307BA901C4D86E60026910C /* Project object */;
			proxyType = 1;
			remoteGlobalIDString = 5307BA971C4D86E60026910C;
			remoteInfo = TapCircles;
		};
/* End PBXContainerItemProxy section */

/* Begin PBXFileReference section */
		5307BA981C4D86E60026910C /* TapCircles.app */ = {isa = PBXFileReference; explicitFileType = wrapper.application; includeInIndex = 0; path = TapCircles.app; sourceTree = BUILT_PRODUCTS_DIR; };
		5307BA9C1C4D86E60026910C /* main.m */ = {isa = PBXFileReference; lastKnownFileType = sourcecode.c.objc; path = main.m; sourceTree = "<group>"; };
		5307BA9E1C4D86E60026910C /* TCAppDelegate.h */ = {isa = PBXFileReference; lastKnownFileType = sourcecode.c.h; path = TCAppDelegate.h; sourceTree = "<group>"; };
		5307BA9F1C4D86E60026910C /* TCAppDelegate.m */ = {isa = PBXFileReference; lastKnownFileType = sourcecode.c.objc; path = TCAppDelegate.m; sourceTree = "<group>"; };
		5307BAA11C4D86E60026910C /* TCViewController.h */ = {isa = PBXFileReference; lastKnownFileType = sourcecode.c.h; path = TCViewController.h; sourceTree = "<group>"; };
		5307BAA21C4D86E60026910C /* TCViewController.m */ = {isa = PBXFileReference; lastKnownFileType = sourcecode.c.objc; path = TCViewController.m; sourceTree = "<group>"; };
		5307BAA51C4D86E60026910C /* Base */ = {isa = PBXFileReference; lastKnownFileType = file.storyboard; name = Base; path = Base.lproj/Main.storyboard; sourceTree = "<group>"; };
		5307BAA71C4D86E60026910C /* Assets.xcassets */ = {isa = PBXFileReference; lastKnownFileType = folder.assetcatalog; path = Assets.xcassets; sourceTree = "<group>"; };
		5307BAAA1C4D86E60026910C /* Base */ = {isa = PBXFileReference; lastKnownFileType = file.storyboard; name = Base; path = Base.lproj/LaunchScreen.storyboard; sourceTree = "<group>"; };
		5307BAAC1C4D86E60026910C /* Info.plist */ = {isa = PBXFileReference; lastKnownFileType = text.plist.xml; path = Info.plist; sourceTree = "<group>"; };
		5307BAB11C4D86E60026910C /* TapCirclesTests.xctest */ = {isa = PBXFileReference; explicitFileType = wrapper.cfbundle; includeInIndex = 0; path = TapCirclesTests.xctest; sourceTree = BUILT_PRODUCTS_DIR; };
		5307BAB51C4D86E60026910C /* TapCirclesTests.m */ = {isa = PBXFileReference; lastKnownFileType = sourcecode.c.objc; path = TapCirclesTests.m; sourceTree = "<group>"; };
		5307BAB71C4D86E60026910C /* Info.plist */ = {isa = PBXFileReference; lastKnownFileType = text.plist.xml; path = Info.plist; sourceTree = "<group>"; };
/* End PBXFileReference section */

/* Begin PBXFrameworksBuildPhase section */
		5307BA951C4D86E60026910C /* Frameworks */ = {
			isa = PBXFrameworksBuildPhase;
			buildActionMask = 2147483647;
			files = (
			);
			runOnlyForDeploymentPostprocessing = 0;
		};
		5307BAAE1C4D86E60026910C /* Frameworks */ = {
			isa = PBXFrameworksBuildPhase;
			buildActionMask = 2147483647;
			files = (
			);
			runOnlyForDeploymentPostprocessing = 0;
		};
/* End PBXFrameworksBuildPhase section */

/* Begin PBXGroup section */
		5307BA8F1C4D86E60026910C = {
			isa = PBXGroup;
			children = (
				5307BA9A1C4D86E60026910C /* TapCircles */,
				5307BAB41C4D86E60026910C /* TapCirclesTests */,
				5307BA991C4D86E60026910C /* Products */,
			);
			sourceTree = "<group>";
		};
		5307BA991C4D86E60026910C /* Products */ = {
			isa = PBXGroup;
			children = (
				5307BA981C4D86E60026910C /* TapCircles.app */,
				5307BAB11C4D86E60026910C /* TapCirclesTests.xctest */,
			);
			name = Products;
			sourceTree = "<group>";
		};
		5307BA9A1C4D86E60026910C /* TapCircles */ = {
			isa = PBXGroup;
			children = (
				5307BAC21C4D88660026910C /* Views */,
				5307BAC11C4D885E0026910C /* Controllers */,
				5307BAC01C4D88590026910C /* Commons */,
				5307BAA41C4D86E60026910C /* Main.storyboard */,
				5307BAA71C4D86E60026910C /* Assets.xcassets */,
				5307BAA91C4D86E60026910C /* LaunchScreen.storyboard */,
				5307BAAC1C4D86E60026910C /* Info.plist */,
				5307BA9B1C4D86E60026910C /* Supporting Files */,
			);
			path = TapCircles;
			sourceTree = "<group>";
		};
		5307BA9B1C4D86E60026910C /* Supporting Files */ = {
			isa = PBXGroup;
			children = (
				5307BA9C1C4D86E60026910C /* main.m */,
			);
			name = "Supporting Files";
			sourceTree = "<group>";
		};
		5307BAB41C4D86E60026910C /* TapCirclesTests */ = {
			isa = PBXGroup;
			children = (
				5307BAB51C4D86E60026910C /* TapCirclesTests.m */,
				5307BAB71C4D86E60026910C /* Info.plist */,
			);
			path = TapCirclesTests;
			sourceTree = "<group>";
		};
		5307BAC01C4D88590026910C /* Commons */ = {
			isa = PBXGroup;
			children = (
				5307BA9E1C4D86E60026910C /* TCAppDelegate.h */,
				5307BA9F1C4D86E60026910C /* TCAppDelegate.m */,
			);
			name = Commons;
			sourceTree = "<group>";
		};
		5307BAC11C4D885E0026910C /* Controllers */ = {
			isa = PBXGroup;
			children = (
				5307BAA11C4D86E60026910C /* TCViewController.h */,
				5307BAA21C4D86E60026910C /* TCViewController.m */,
			);
			name = Controllers;
			sourceTree = "<group>";
		};
		5307BAC21C4D88660026910C /* Views */ = {
			isa = PBXGroup;
			children = (
			);
			name = Views;
			sourceTree = "<group>";
		};
/* End PBXGroup section */

/* Begin PBXNativeTarget section */
		5307BA971C4D86E60026910C /* TapCircles */ = {
			isa = PBXNativeTarget;
			buildConfigurationList = 5307BABA1C4D86E60026910C /* Build configuration list for PBXNativeTarget "TapCircles" */;
			buildPhases = (
				5307BA941C4D86E60026910C /* Sources */,
				5307BA951C4D86E60026910C /* Frameworks */,
				5307BA961C4D86E60026910C /* Resources */,
			);
			buildRules = (
			);
			dependencies = (
			);
			name = TapCircles;
			productName = TapCircles;
			productReference = 5307BA981C4D86E60026910C /* TapCircles.app */;
			productType = "com.apple.product-type.application";
		};
		5307BAB01C4D86E60026910C /* TapCirclesTests */ = {
			isa = PBXNativeTarget;
			buildConfigurationList = 5307BABD1C4D86E60026910C /* Build configuration list for PBXNativeTarget "TapCirclesTests" */;
			buildPhases = (
				5307BAAD1C4D86E60026910C /* Sources */,
				5307BAAE1C4D86E60026910C /* Frameworks */,
				5307BAAF1C4D86E60026910C /* Resources */,
			);
			buildRules = (
			);
			dependencies = (
				5307BAB31C4D86E60026910C /* PBXTargetDependency */,
			);
			name = TapCirclesTests;
			productName = TapCirclesTests;
			productReference = 5307BAB11C4D86E60026910C /* TapCirclesTests.xctest */;
			productType = "com.apple.product-type.bundle.unit-test";
		};
/* End PBXNativeTarget section */

/* Begin PBXProject section */
		5307BA901C4D86E60026910C /* Project object */ = {
			isa = PBXProject;
			attributes = {
				CLASSPREFIX = TC;
				LastUpgradeCheck = 0720;
				ORGANIZATIONNAME = "Data Empire";
				TargetAttributes = {
					5307BA971C4D86E60026910C = {
						CreatedOnToolsVersion = 7.2;
						DevelopmentTeam = LQ5WW9469F;
					};
					5307BAB01C4D86E60026910C = {
						CreatedOnToolsVersion = 7.2;
						DevelopmentTeam = LQ5WW9469F;
						TestTargetID = 5307BA971C4D86E60026910C;
					};
				};
			};
			buildConfigurationList = 5307BA931C4D86E60026910C /* Build configuration list for PBXProject "TapCircles" */;
			compatibilityVersion = "Xcode 3.2";
			developmentRegion = English;
			hasScannedForEncodings = 0;
			knownRegions = (
				en,
				Base,
			);
			mainGroup = 5307BA8F1C4D86E60026910C;
			productRefGroup = 5307BA991C4D86E60026910C /* Products */;
			projectDirPath = "";
			projectRoot = "";
			targets = (
				5307BA971C4D86E60026910C /* TapCircles */,
				5307BAB01C4D86E60026910C /* TapCirclesTests */,
			);
		};
/* End PBXProject section */

/* Begin PBXResourcesBuildPhase section */
		5307BA961C4D86E60026910C /* Resources */ = {
			isa = PBXResourcesBuildPhase;
			buildActionMask = 2147483647;
			files = (
				5307BAAB1C4D86E60026910C /* LaunchScreen.storyboard in Resources */,
				5307BAA81C4D86E60026910C /* Assets.xcassets in Resources */,
				5307BAA61C4D86E60026910C /* Main.storyboard in Resources */,
			);
			runOnlyForDeploymentPostprocessing = 0;
		};
		5307BAAF1C4D86E60026910C /* Resources */ = {
			isa = PBXResourcesBuildPhase;
			buildActionMask = 2147483647;
			files = (
			);
			runOnlyForDeploymentPostprocessing = 0;
		};
/* End PBXResourcesBuildPhase section */

/* Begin PBXSourcesBuildPhase section */
		5307BA941C4D86E60026910C /* Sources */ = {
			isa = PBXSourcesBuildPhase;
			buildActionMask = 2147483647;
			files = (
				5307BAA31C4D86E60026910C /* TCViewController.m in Sources */,
				5307BAA01C4D86E60026910C /* TCAppDelegate.m in Sources */,
				5307BA9D1C4D86E60026910C /* main.m in Sources */,
			);
			runOnlyForDeploymentPostprocessing = 0;
		};
		5307BAAD1C4D86E60026910C /* Sources */ = {
			isa = PBXSourcesBuildPhase;
			buildActionMask = 2147483647;
			files = (
				5307BAB61C4D86E60026910C /* TapCirclesTests.m in Sources */,
			);
			runOnlyForDeploymentPostprocessing = 0;
		};
/* End PBXSourcesBuildPhase section */

/* Begin PBXTargetDependency section */
		5307BAB31C4D86E60026910C /* PBXTargetDependency */ = {
			isa = PBXTargetDependency;
			target = 5307BA971C4D86E60026910C /* TapCircles */;
			targetProxy = 5307BAB21C4D86E60026910C /* PBXContainerItemProxy */;
		};
/* End PBXTargetDependency section */

/* Begin PBXVariantGroup section */
		5307BAA41C4D86E60026910C /* Main.storyboard */ = {
			isa = PBXVariantGroup;
			children = (
				5307BAA51C4D86E60026910C /* Base */,
			);
			name = Main.storyboard;
			sourceTree = "<group>";
		};
		5307BAA91C4D86E60026910C /* LaunchScreen.storyboard */ = {
			isa = PBXVariantGroup;
			children = (
				5307BAAA1C4D86E60026910C /* Base */,
			);
			name = LaunchScreen.storyboard;
			sourceTree = "<group>";
		};
/* End PBXVariantGroup section */

/* Begin XCBuildConfiguration section */
		5307BAB81C4D86E60026910C /* Debug */ = {
			isa = XCBuildConfiguration;
			buildSettings = {
				ALWAYS_SEARCH_USER_PATHS = NO;
				CLANG_CXX_LANGUAGE_STANDARD = "gnu++0x";
				CLANG_CXX_LIBRARY = "libc++";
				CLANG_ENABLE_MODULES = YES;
				CLANG_ENABLE_OBJC_ARC = YES;
				CLANG_WARN_BOOL_CONVERSION = YES;
				CLANG_WARN_CONSTANT_CONVERSION = YES;
				CLANG_WARN_DIRECT_OBJC_ISA_USAGE = YES_ERROR;
				CLANG_WARN_EMPTY_BODY = YES;
				CLANG_WARN_ENUM_CONVERSION = YES;
				CLANG_WARN_INT_CONVERSION = YES;
				CLANG_WARN_OBJC_ROOT_CLASS = YES_ERROR;
				CLANG_WARN_UNREACHABLE_CODE = YES;
				CLANG_WARN__DUPLICATE_METHOD_MATCH = YES;
				"CODE_SIGN_IDENTITY[sdk=iphoneos*]" = "iPhone Developer";
				COPY_PHASE_STRIP = NO;
				DEBUG_INFORMATION_FORMAT = dwarf;
				ENABLE_STRICT_OBJC_MSGSEND = YES;
				ENABLE_TESTABILITY = YES;
				GCC_C_LANGUAGE_STANDARD = gnu99;
				GCC_DYNAMIC_NO_PIC = NO;
				GCC_NO_COMMON_BLOCKS = YES;
				GCC_OPTIMIZATION_LEVEL = 0;
				GCC_PREPROCESSOR_DEFINITIONS = (
					"DEBUG=1",
					"$(inherited)",
				);
				GCC_WARN_64_TO_32_BIT_CONVERSION = YES;
				GCC_WARN_ABOUT_RETURN_TYPE = YES_ERROR;
				GCC_WARN_UNDECLARED_SELECTOR = YES;
				GCC_WARN_UNINITIALIZED_AUTOS = YES_AGGRESSIVE;
				GCC_WARN_UNUSED_FUNCTION = YES;
				GCC_WARN_UNUSED_VARIABLE = YES;
				IPHONEOS_DEPLOYMENT_TARGET = 9.2;
				MTL_ENABLE_DEBUG_INFO = YES;
				ONLY_ACTIVE_ARCH = YES;
				SDKROOT = iphoneos;
				TARGETED_DEVICE_FAMILY = "1,2";
			};
			name = Debug;
		};
		5307BAB91C4D86E60026910C /* Release */ = {
			isa = XCBuildConfiguration;
			buildSettings = {
				ALWAYS_SEARCH_USER_PATHS = NO;
				CLANG_CXX_LANGUAGE_STANDARD = "gnu++0x";
				CLANG_CXX_LIBRARY = "libc++";
				CLANG_ENABLE_MODULES = YES;
				CLANG_ENABLE_OBJC_ARC = YES;
				CLANG_WARN_BOOL_CONVERSION = YES;
				CLANG_WARN_CONSTANT_CONVERSION = YES;
				CLANG_WARN_DIRECT_OBJC_ISA_USAGE = YES_ERROR;
				CLANG_WARN_EMPTY_BODY = YES;
				CLANG_WARN_ENUM_CONVERSION = YES;
				CLANG_WARN_INT_CONVERSION = YES;
				CLANG_WARN_OBJC_ROOT_CLASS = YES_ERROR;
				CLANG_WARN_UNREACHABLE_CODE = YES;
				CLANG_WARN__DUPLICATE_METHOD_MATCH = YES;
				"CODE_SIGN_IDENTITY[sdk=iphoneos*]" = "iPhone Developer";
				COPY_PHASE_STRIP = NO;
				DEBUG_INFORMATION_FORMAT = "dwarf-with-dsym";
				ENABLE_NS_ASSERTIONS = NO;
				ENABLE_STRICT_OBJC_MSGSEND = YES;
				GCC_C_LANGUAGE_STANDARD = gnu99;
				GCC_NO_COMMON_BLOCKS = YES;
				GCC_WARN_64_TO_32_BIT_CONVERSION = YES;
				GCC_WARN_ABOUT_RETURN_TYPE = YES_ERROR;
				GCC_WARN_UNDECLARED_SELECTOR = YES;
				GCC_WARN_UNINITIALIZED_AUTOS = YES_AGGRESSIVE;
				GCC_WARN_UNUSED_FUNCTION = YES;
				GCC_WARN_UNUSED_VARIABLE = YES;
				IPHONEOS_DEPLOYMENT_TARGET = 9.2;
				MTL_ENABLE_DEBUG_INFO = NO;
				SDKROOT = iphoneos;
				TARGETED_DEVICE_FAMILY = "1,2";
				VALIDATE_PRODUCT = YES;
			};
			name = Release;
		};
		5307BABB1C4D86E60026910C /* Debug */ = {
			isa = XCBuildConfiguration;
			buildSettings = {
				ASSETCATALOG_COMPILER_APPICON_NAME = AppIcon;
				INFOPLIST_FILE = TapCircles/Info.plist;
				LD_RUNPATH_SEARCH_PATHS = "$(inherited) @executable_path/Frameworks";
				PRODUCT_BUNDLE_IDENTIFIER = "info.data-empire.TapCircles";
				PRODUCT_NAME = "$(TARGET_NAME)";
			};
			name = Debug;
		};
		5307BABC1C4D86E60026910C /* Release */ = {
			isa = XCBuildConfiguration;
			buildSettings = {
				ASSETCATALOG_COMPILER_APPICON_NAME = AppIcon;
				INFOPLIST_FILE = TapCircles/Info.plist;
				LD_RUNPATH_SEARCH_PATHS = "$(inherited) @executable_path/Frameworks";
				PRODUCT_BUNDLE_IDENTIFIER = "info.data-empire.TapCircles";
				PRODUCT_NAME = "$(TARGET_NAME)";
			};
			name = Release;
		};
		5307BABE1C4D86E60026910C /* Debug */ = {
			isa = XCBuildConfiguration;
			buildSettings = {
				BUNDLE_LOADER = "$(TEST_HOST)";
				INFOPLIST_FILE = TapCirclesTests/Info.plist;
				LD_RUNPATH_SEARCH_PATHS = "$(inherited) @executable_path/Frameworks @loader_path/Frameworks";
				PRODUCT_BUNDLE_IDENTIFIER = "info.data-empire.TapCirclesTests";
				PRODUCT_NAME = "$(TARGET_NAME)";
				TEST_HOST = "$(BUILT_PRODUCTS_DIR)/TapCircles.app/TapCircles";
			};
			name = Debug;
		};
		5307BABF1C4D86E60026910C /* Release */ = {
			isa = XCBuildConfiguration;
			buildSettings = {
				BUNDLE_LOADER = "$(TEST_HOST)";
				INFOPLIST_FILE = TapCirclesTests/Info.plist;
				LD_RUNPATH_SEARCH_PATHS = "$(inherited) @executable_path/Frameworks @loader_path/Frameworks";
				PRODUCT_BUNDLE_IDENTIFIER = "info.data-empire.TapCirclesTests";
				PRODUCT_NAME = "$(TARGET_NAME)";
				TEST_HOST = "$(BUILT_PRODUCTS_DIR)/TapCircles.app/TapCircles";
			};
			name = Release;
		};
/* End XCBuildConfiguration section */

/* Begin XCConfigurationList section */
		5307BA931C4D86E60026910C /* Build configuration list for PBXProject "TapCircles" */ = {
			isa = XCConfigurationList;
			buildConfigurations = (
				5307BAB81C4D86E60026910C /* Debug */,
				5307BAB91C4D86E60026910C /* Release */,
			);
			defaultConfigurationIsVisible = 0;
			defaultConfigurationName = Release;
		};
		5307BABA1C4D86E60026910C /* Build configuration list for PBXNativeTarget "TapCircles" */ = {
			isa = XCConfigurationList;
			buildConfigurations = (
				5307BABB1C4D86E60026910C /* Debug */,
				5307BABC1C4D86E60026910C /* Release */,
			);
			defaultConfigurationIsVisible = 0;
		};
		5307BABD1C4D86E60026910C /* Build configuration list for PBXNativeTarget "TapCirclesTests" */ = {
			isa = XCConfigurationList;
			buildConfigurations = (
				5307BABE1C4D86E60026910C /* Debug */,
				5307BABF1C4D86E60026910C /* Release */,
			);
			defaultConfigurationIsVisible = 0;
		};
/* End XCConfigurationList section */
	};
	rootObject = 5307BA901C4D86E60026910C /* Project object */;
}
